
Microsoft Visual Studio Solution File, Format Version 12.00
# Visual Studio Version 17
VisualStudioVersion = 17.0.31903.59
MinimumVisualStudioVersion = 10.0.40219.1
Project("{FAE04EC0-301F-11D3-BF4B-00C04F79EFBC}") = "MeuPrograma", "MeuPrograma\MeuPrograma.csproj", "{DD7895D5-8593-4596-907F-A66C86B1EC81}"
EndProject
Global
	GlobalSection(SolutionConfigurationPlatforms) = preSolution
		Debug|Any CPU = Debug|Any CPU
		Release|Any CPU = Release|Any CPU
	EndGlobalSection
	GlobalSection(SolutionProperties) = preSolution
		HideSolutionNode = FALSE
	EndGlobalSection
	GlobalSection(ProjectConfigurationPlatforms) = postSolution
		{DD7895D5-8593-4596-907F-A66C86B1EC81}.Debug|Any CPU.ActiveCfg = Debug|Any CPU
		{DD7895D5-8593-4596-907F-A66C86B1EC81}.Debug|Any CPU.Build.0 = Debug|Any CPU
		{DD7895D5-8593-4596-907F-A66C86B1EC81}.Release|Any CPU.ActiveCfg = Release|Any CPU
		{DD7895D5-8593-4596-907F-A66C86B1EC81}.Release|Any CPU.Build.0 = Release|Any CPU
	EndGlobalSection
EndGlobal
